# This file is automatically @generated by Cargo.
# It is not intended for manual editing.
version = 4

[[package]]
name = "shelfy-core"
version = "0.1.0"

[[package]]
name = "shelfy-media"
version = "0.1.0"

[[package]]
name = "shelfy-migrate"
version = "0.1.0"

[[package]]
name = "shelfy-server"
version = "0.1.0"
