lockfileVersion: '9.0'

settings:
  autoInstallPeers: true
  excludeLinksFromLockfile: false

importers:

  .:
    dependencies:
      '@duckduckgo/autoconsent':
        specifier: 16.43.2
        version: 16.43.2
      '@ghostery/adblocker':
        specifier: 2.18.2
        version: 2.18.2
      playwright-core:
        specifier: 1.60.0
        version: 1.60.0
      tldts-experimental:
        specifier: 7.4.16
        version: 7.4.16

packages:

  '@duckduckgo/autoconsent@16.43.2':
    resolution: {integrity: sha512-wOjotWLal+Mddj1QOv4o+CV6pYXLgkF2VbEumvc2BPKVGr0+cDC3MetfHFEr7LkaW0C3+DI5bYCp75nOjd0PoQ==}

  '@ghostery/adblocker-content@2.18.2':
    resolution: {integrity: sha512-TOe/b4KOBFEc9OjLG+wvgamGcSTIPSDBAL5YSa8lzjBsoSl8IDnfOjeJDldlLacsC/JEUMLkZIDDNknEolJVqg==}

  '@ghostery/adblocker-extended-selectors@2.18.2':
    resolution: {integrity: sha512-doKNShBk3+czQL08UkrysHkCPeG/kNPlXvz3DH7SXxD9Y78ovWkEAhjeR+upoan3fomJJuK3dD+IrlofnjckYw==}

  '@ghostery/adblocker@2.18.2':
    resolution: {integrity: sha512-x6zEkf1dHSN0t4ExLmuN6nIgH0oAi6laoKe5yGsiIB4jkEvutea1PJgxgRUIjWfNbDRmkf4GjUtuqQFZgvQG1w==}

  '@ghostery/url-parser@1.3.1':
    resolution: {integrity: sha512-QKqGi+7aDQ4RcyHyCwgEk6B9vWnsBP4Q7htaN0zPJV3ATqTKEQDtSTb9c/AN586oJUDs24YXKcwFYwNweY/YjQ==}

  '@remusao/guess-url-type@2.1.0':
    resolution: {integrity: sha512-zI3dlTUxpjvx2GCxp9nLOSK5yEIqDCpxlAVGwb2Y49RKkS72oeNaxxo+VWS5+XQ5+Mf8Zfp9ZXIlk+G5eoEN8A==}

  '@remusao/small@2.1.0':
    resolution: {integrity: sha512-Y1kyjZp7JU7dXdyOdxHVNfoTr1XLZJTyQP36/esZUU/WRWq9XY0PV2HsE3CsIHuaTf4pvgWv2pvzvnZ//UHIJQ==}

  '@remusao/smaz-compress@2.2.0':
    resolution: {integrity: sha512-TXpTPgILRUYOt2rEe0+9PC12xULPvBqeMpmipzB9A7oM4fa9Ztvy9lLYzPTd7tiQEeoNa1pmxihpKfJtsxnM/w==}

  '@remusao/smaz-decompress@2.2.0':
    resolution: {integrity: sha512-ERAPwxPaA0/yg4hkNU7T2S+lnp9jj1sApcQMtOyROvOQyo+Zuh6Hn/oRcXr8mmjlYzyRaC7E6r3mT1nrdHR6pg==}

  '@remusao/smaz@2.2.0':
    resolution: {integrity: sha512-eSd3Qs0ELP/e7tU1SI5RWXcCn9KjDgvBY+KtWbL4i2QvvHhJOfdIt4v0AA3S5BbLWAr5dCEC7C4LUfogDm6q/Q==}

  '@remusao/trie@2.1.0':
    resolution: {integrity: sha512-Er3Q8q0/2OcCJPQYJOPLmCuqO0wu7cav3SPtpjlxSbjFi1x+A1pZkkLD6c9q2rGEkGW/tkrRzfrhNMt8VQjzXg==}

  playwright-core@1.60.0:
    resolution: {integrity: sha512-9bW6zvX/m0lEbgTKJ6YppOKx8H3VOPBMOCFh2irXFOT4BbHgrx5hPjwJYLT40Lu+4qtD36qKc/Hn56StUW57IA==}
    engines: {node: '>=18'}
    hasBin: true

  tldts-core@7.4.16:
    resolution: {integrity: sha512-MDolfaSJtlSK5Y0A1xl3277ekubZwobpBjugknDizI9O5Rm60a1m8k4ICK+MRsCDzPygT81mp3BBf5RKDlFRfA==}

  tldts-experimental@7.4.16:
    resolution: {integrity: sha512-H1gI3Toi/7PoMRmBIX9K2cyWIEdxjW0F4ygsVRtsCM1thOZwa3zFc8SowUttgd0UhVUR2ahRbgUHEKrxj7WZ3w==}

snapshots:

  '@duckduckgo/autoconsent@16.43.2':
    dependencies:
      tldts-experimental: 7.4.16

  '@ghostery/adblocker-content@2.18.2':
    dependencies:
      '@ghostery/adblocker-extended-selectors': 2.18.2

  '@ghostery/adblocker-extended-selectors@2.18.2': {}

  '@ghostery/adblocker@2.18.2':
    dependencies:
      '@ghostery/adblocker-content': 2.18.2
      '@ghostery/adblocker-extended-selectors': 2.18.2
      '@ghostery/url-parser': 1.3.1
      '@remusao/guess-url-type': 2.1.0
      '@remusao/small': 2.1.0
      '@remusao/smaz': 2.2.0
      tldts-experimental: 7.4.16

  '@ghostery/url-parser@1.3.1':
    dependencies:
      tldts-experimental: 7.4.16

  '@remusao/guess-url-type@2.1.0': {}

  '@remusao/small@2.1.0': {}

  '@remusao/smaz-compress@2.2.0':
    dependencies:
      '@remusao/trie': 2.1.0

  '@remusao/smaz-decompress@2.2.0': {}

  '@remusao/smaz@2.2.0':
    dependencies:
      '@remusao/smaz-compress': 2.2.0
      '@remusao/smaz-decompress': 2.2.0

  '@remusao/trie@2.1.0': {}

  playwright-core@1.60.0: {}

  tldts-core@7.4.16: {}

  tldts-experimental@7.4.16:
    dependencies:
      tldts-core: 7.4.16
